{
  "name": "SnooSpace",
  "lockfileVersion": 3,
  "requires": true,
  "packages": {
    "": {
      "dependencies": {
        "expo-linear-gradient": "^15.0.7"
      }
    },
    "node_modules/expo-linear-gradient": {
      "version": "15.0.7",
      "resolved": "https://registry.npmjs.org/expo-linear-gradient/-/expo-linear-gradient-15.0.7.tgz",
      "integrity": "sha512-yF+y+9Shpr/OQFfy/wglB/0bykFMbwHBTuMRa5Of/r2P1wbkcacx8rg0JsUWkXH/rn2i2iWdubyqlxSJa3ggZA==",
      "peerDependencies": {
        "expo": "*",
        "react": "*",
        "react-native": "*"
      }
    }
  }
}
